{
  "version": 4,
  "terraform_version": "1.0.8",
  "serial": 3,
  "lineage": "5470378a-563d-4d5d-7880-7168fa4b6438",
  "outputs": {},
  "resources": [
    {
      "mode": "managed",
      "type": "docker_image",
      "name": "nginx",
      "provider": "provider[\"registry.terraform.io/kreuzwerker/docker\"]",
      "instances": [
        {
          "schema_version": 0,
          "attributes": {
            "build": [],
            "force_remove": null,
            "id": "sha256:2e7e2ec411a6fdeee34c78b4d41d9a7f6d4cd311f320f03bcec11a239f524341nginx:latest",
            "keep_locally": false,
            "latest": "sha256:2e7e2ec411a6fdeee34c78b4d41d9a7f6d4cd311f320f03bcec11a239f524341",
            "name": "nginx:latest",
            "output": null,
            "pull_trigger": null,
            "pull_triggers": null,
            "repo_digest": "nginx@sha256:2834dc507516af02784808c5f48b7cbe38b8ed5d0f4837f16e78d00deb7e7767"
          },
          "sensitive_attributes": [],
          "private": "bnVsbA=="
        }
      ]
    }
  ]
}
